github.com/DataDog/mmh3 v0.0.0-20210722141835-012dc69a9e49 h1:EbzDX8HPk5uE2FsJYxD74QmMw0/3CqSKhEr6teh0ncQ=
github.com/DataDog/mmh3 v0.0.0-20210722141835-012dc69a9e49/go.mod h1:SvsjzyJlSg0rKsqYgdcFxeEVflx3ZNAyFfkUHP0TxXg=
github.com/OneOfOne/xxhash v1.2.8 h1:31czK/TI9sNkxIKfaUfGlU47BAxQ0ztGgd9vPyqimf8=
github.com/OneOfOne/xxhash v1.2.8/go.mod h1:eZbhyaAYD41SGSSsnmcpxVoRiQ/MPUTjUdIIOT9Um7Q=
github.com/cespare/xxhash/v2 v2.1.2 h1:YRXhKfTDauu4ajMg1TPgFO5jnlC2HCbmLXMcTG5cbYE=
github.com/cespare/xxhash/v2 v2.1.2/go.mod h1:VGX0DQ3Q6kWi7AoAeZDth3/j3BFtOZR5XLFGgcrjCOs=
github.com/creachadair/cityhash v0.1.1 h1:lFsixblDY79QBwzGNQWRvMu4mOBIuV+g3sz/3Vy3pk0=
github.com/creachadair/cityhash v0.1.1/go.mod h1:QhWJSDPs/2AkcOUL8Ogz0ZzA5acyIihEzKBG/9NTUHs=
github.com/davecgh/go-spew v1.1.0/go.mod h1:J7Y8YcW2NihsgmVo/mv3lAwl/skON4iLHjSsI+c5H38=
github.com/davecgh/go-spew v1.1.1 h1:vj9j/u1bqnvCEfJOwUhtlOARqs3+rkHYY13jYWTU97c=
github.com/davecgh/go-spew v1.1.1/go.mod h1:J7Y8YcW2NihsgmVo/mv3lAwl/skON4iLHjSsI+c5H38=
github.com/dgryski/go-metro v0.0.0-20211217172704-adc40b04c140 h1:y7y0Oa6UawqTFPCDw9JG6pdKt4F9pAhHv0B7FMGaGD0=
github.com/dgryski/go-metro v0.0.0-20211217172704-adc40b04c140/go.mod h1:c9O8+fpSOX1DM8cPNSkX/qsBWdkD4yd2dpciOWQjpBw=
github.com/klauspost/cpuid/v2 v2.0.9 h1:lgaqFMSdTdQYdZ04uHyN2d/eKdOMyi2YLSvlQIBFYa4=
github.com/klauspost/cpuid/v2 v2.0.9/go.mod h1:FInQzS24/EEf25PyTYn52gqo7WaD8xa0213Md/qVLRg=
github.com/klauspost/crc32 v1.2.0 h1:0VuyqOCruD33/lJ/ojXNvzVyl8Zr5zdTmj9l9qLZ86I=
github.com/klauspost/crc32 v1.2.0/go.mod h1:+ZoRqAPRLkC4NPOvfYeR5KNOrY6TD+/sAC3HXPZgDYg=
github.com/minio/highwayhash v1.0.2 h1:Aak5U0nElisjDCfPSG79Tgzkn2gl66NxOMspRrKnA/g=
github.com/minio/highwayhash v1.0.2/go.mod h1:BQskDq+xkJ12lmlUUi7U0M5Swg3EWR+dLTk+kldvVxY=
github.com/mmcloughlin/meow v0.0.0-20200201185800-3501c7c05d21 h1:2BIiU0QuELctVxpl6FKAsf68ZZvI89I9c8Kt8Guxba8=
github.com/mmcloughlin/meow v0.0.0-20200201185800-3501c7c05d21/go.mod h1:uxCZJI8Z1PD2WRnSJtVJGHCyxC5qWhz5lOsx3Bx1NXo=
github.com/orisano/wyhash v1.1.0 h1:5G0zu/KRhag1ORe+uld7GEc99VlGmhZqaelcqpkU5ZA=
github.com/orisano/wyhash v1.1.0/go.mod h1:xHcF6Rc2+j4CzkmGjiwovrGtIYHjxQjdKGR3wBmQf2s=
github.com/pmezard/go-difflib v1.0.0 h1:4DBwDE0NGyQoBHbLQYPwSUPoCMWR5BEzIk/f1lZbAQM=
github.com/pmezard/go-difflib v1.0.0/go.mod h1:iKH77koFhYxTK1pcRnkKkqfTogsbg7gZNVY4sRDYZ/4=
github.com/shivakar/metrohash v0.0.0-20160821164112-8d1c8b6bed28 h1:T0pHmIIcYaJ1wFBkZtjKEMJ7mHb7iuFS9jH0hZOaXME=
github.com/shivakar/metrohash v0.0.0-20160821164112-8d1c8b6bed28/go.mod h1:iPY+DBBhMwu94EsrqYzmQYJYZpMAHuBdToFD//nbb00=
github.com/shivakar/xxhash v0.0.0-20160821164220-5ea66fb45566 h1:h1L+TECcYYeIRv4ZWpcCe5fo0SEWVdqdpaBjv4NbqfQ=
github.com/shivakar/xxhash v0.0.0-20160821164220-5ea66fb45566/go.mod h1:w6mBKRlJaGS+Cavn1+D4hefmELN0JhpRLMGT3MZhSbY=
github.com/skeeto/pengyhash v0.0.0-20201011235239-21212c6e58a7 h1:uKypaPogQxqXXgWH30RGvvip/vXbb5azQTAKgPaYgS8=
github.com/skeeto/pengyhash v0.0.0-20201011235239-21212c6e58a7/go.mod h1:YF7aPHVbZ8JEdGlYzfJygTIKJNIgyS3MDeGLBAXyBUI=
github.com/spaolacci/murmur3 v1.1.0 h1:7c1g84S4BPRrfL5Xrdp6fOJ206sU9y293DDHaoy0bLI=
github.com/spaolacci/murmur3 v1.1.0/go.mod h1:JwIasOWyU6f++ZhiEuf87xNszmSA2myDM2Kzu9HwQUA=
github.com/stretchr/objx v0.1.0/go.mod h1:HFkY916IF+rwdDfMAkV7OtwuqBVzrE8GR6GFx+wExME=
github.com/stretchr/objx v0.4.0/go.mod h1:YvHI0jy2hoMjB+UWwv71VJQ9isScKT/TqJzVSSt89Yw=
github.com/stretchr/testify v1.7.1/go.mod h1:6Fq8oRcR53rry900zMqJjRRixrwX3KX962/h/Wwjteg=
github.com/stretchr/testify v1.8.0 h1:pSgiaMZlXftHpm5L7V1+rVB+AZJydKsMxsQBIJw4PKk=
github.com/stretchr/testify v1.8.0/go.mod h1:yNjHg4UonilssWZ8iaSj1OCr/vHnekPRkoO+kdMU+MU=
github.com/tenfyzhong/cityhash v0.0.0-20181130044406-4c2731b5918c h1:Y3PUeYj+OuuOy7BnbIvtGOj9YDKjPHsZyN/2AJqN32s=
github.com/tenfyzhong/cityhash v0.0.0-20181130044406-4c2731b5918c/go.mod h1:Izvvi9mFtnF9nbPc2Z/gazIliNnYtxOsbQnFYpmxbfc=
github.com/zeebo/assert v1.3.0 h1:g7C04CbJuIDKNPFHmsk4hwZDO5O+kntRxzaUoNXj+IQ=
github.com/zeebo/xxh3 v1.0.2 h1:xZmwmqxHZA8AI603jOQ0tMqmBr9lPeFwGg6d+xy9DC0=
github.com/zeebo/xxh3 v1.0.2/go.mod h1:5NWz9Sef7zIDm2JHfFlcQvNekmcEl9ekUZQQKCYaDcA=
github.com/zentures/cityhash v0.0.0-20131128155616-cdd6a94144ab h1:BD4YbH4Y0ysgbrP9jGuDB0BxkqyTRk6Y70o3D5Z5ayc=
github.com/zentures/cityhash v0.0.0-20131128155616-cdd6a94144ab/go.mod h1:SvJE1nX57VqPOyqkQGEGcJPWZqeB3FCZ8s7a0uSlG+A=
github.com/zhangyunhao116/sbconv v0.2.1 h1:9Z43QFpnkYNjCrRz8UR9ShVRVQ0OG5VtLKQ3mAL5zjU=
github.com/zhangyunhao116/sbconv v0.2.1/go.mod h1:pdAXGnJGNM68XNdJOfGCelkEHgrQMWSeW/2/qKjuiQQ=
github.com/zhangyunhao116/wyhash v0.0.0-20220217162229-7d42996fa899 h1:4Buhqjo6XLrJQzm1mRw20P98OFx3lykHzEtE4XkOt7I=
github.com/zhangyunhao116/wyhash v0.0.0-20220217162229-7d42996fa899/go.mod h1:9okT6cr1VZK9N3Tv0I6qUYDNtQgOfcQgfMRCEXt9d8I=
golang.org/x/sys v0.0.0-20190130150945-aca44879d564 h1:o6ENHFwwr1TZ9CUPQcfo1HGvLP1OPsPOTB7xCIOPNmU=
golang.org/x/sys v0.0.0-20190130150945-aca44879d564/go.mod h1:STP8DvDyc/dI5b8T5hshtkjS+E42TnysNCUPdjciGhY=
gopkg.in/check.v1 v0.0.0-20161208181325-20d25e280405/go.mod h1:Co6ibVJAznAaIkqp8huTwlJQCZ016jof/cbN4VW5Yz0=
gopkg.in/yaml.v3 v3.0.0-20200313102051-9f266ea9e77c/go.mod h1:K4uyk7z7BCEPqu6E+C64Yfv1cQ7kz7rIZviUmN+EgEM=
gopkg.in/yaml.v3 v3.0.1 h1:fxVm/GzAzEWqLHuvctI91KS9hhNmmWOoWu0XTYJS7CA=
gopkg.in/yaml.v3 v3.0.1/go.mod h1:K4uyk7z7BCEPqu6E+C64Yfv1cQ7kz7rIZviUmN+EgEM=
